
Microsoft Visual Studio Solution File, Format Version 12.00
# Visual Studio Version 17
VisualStudioVersion = 17.3.32804.467
MinimumVisualStudioVersion = 10.0.40219.1
Project("{9A19103F-16F7-4668-BE54-9A1E7A4F7556}") = "RectCapturer", "RectCapturer\RectCapturer.csproj", "{10213943-74D6-4990-9057-CD9DD12F26BC}"
EndProject
Project("{2150E333-8FDC-42A3-9474-1A3956D46DE8}") = "Solution Items", "Solution Items", "{61DF2F91-86E0-4F67-9AAD-24A81A9CF0F7}"
	ProjectSection(SolutionItems) = preProject
		.editorconfig = .editorconfig
		Directory.Build.props = Directory.Build.props
		Directory.Build.targets = Directory.Build.targets
	EndProjectSection
EndProject
Project("{9A19103F-16F7-4668-BE54-9A1E7A4F7556}") = "WindowScreenshot", "WindowScreenshot\WindowScreenshot.csproj", "{49C352CE-4D05-4D6F-95A8-78ABBEB2457D}"
EndProject
Project("{9A19103F-16F7-4668-BE54-9A1E7A4F7556}") = "WindowScreenshot.Test", "Tests\WindowScreenshot.Test\WindowScreenshot.Test.csproj", "{B72EDE5E-2AD3-4CBF-96EE-8565D82F43EB}"
EndProject
Project("{2150E333-8FDC-42A3-9474-1A3956D46DE8}") = "Tests", "Tests", "{C1D636DB-910B-40D2-8207-440C86D87EE4}"
	ProjectSection(SolutionItems) = preProject
		Tests\Directory.Build.props = Tests\Directory.Build.props
	EndProjectSection
EndProject
Project("{2150E333-8FDC-42A3-9474-1A3956D46DE8}") = "Libraries", "Libraries", "{FD400861-E061-420A-9E31-EE012339850B}"
EndProject
Project("{9A19103F-16F7-4668-BE54-9A1E7A4F7556}") = "WpfLibrary", "WpfLibrary\WpfLibrary.csproj", "{8C3AA26C-2482-451C-95C1-9C9001BC772E}"
EndProject
Project("{9A19103F-16F7-4668-BE54-9A1E7A4F7556}") = "WpfLibrary.Test", "Tests\WpfLibrary.Test\WpfLibrary.Test.csproj", "{CDD5E03F-E937-474A-83CF-BB3B136BAF8E}"
EndProject
Project("{9A19103F-16F7-4668-BE54-9A1E7A4F7556}") = "RectCapturer.Test", "Tests\RectCapturer.Test\RectCapturer.Test.csproj", "{05003B77-E8EB-4E14-9FAF-49367C7A1E86}"
EndProject
Project("{9A19103F-16F7-4668-BE54-9A1E7A4F7556}") = "TwitterJikkyoR", "TwitterJikkyoR\TwitterJikkyoR.csproj", "{521859E8-1788-4E21-96E8-A0B62C6E4C62}"
EndProject
Project("{FAE04EC0-301F-11D3-BF4B-00C04F79EFBC}") = "TwitterJikkyo.Test", "Tests\TwitterJikkyo.Test\TwitterJikkyo.Test.csproj", "{004E5268-8D4D-4DC1-BBD0-B485093E307A}"
EndProject
Global
	GlobalSection(SolutionConfigurationPlatforms) = preSolution
		Debug|Any CPU = Debug|Any CPU
		Release|Any CPU = Release|Any CPU
	EndGlobalSection
	GlobalSection(ProjectConfigurationPlatforms) = postSolution
		{10213943-74D6-4990-9057-CD9DD12F26BC}.Debug|Any CPU.ActiveCfg = Debug|Any CPU
		{10213943-74D6-4990-9057-CD9DD12F26BC}.Debug|Any CPU.Build.0 = Debug|Any CPU
		{10213943-74D6-4990-9057-CD9DD12F26BC}.Release|Any CPU.ActiveCfg = Release|Any CPU
		{10213943-74D6-4990-9057-CD9DD12F26BC}.Release|Any CPU.Build.0 = Release|Any CPU
		{49C352CE-4D05-4D6F-95A8-78ABBEB2457D}.Debug|Any CPU.ActiveCfg = Debug|Any CPU
		{49C352CE-4D05-4D6F-95A8-78ABBEB2457D}.Debug|Any CPU.Build.0 = Debug|Any CPU
		{49C352CE-4D05-4D6F-95A8-78ABBEB2457D}.Release|Any CPU.ActiveCfg = Release|Any CPU
		{49C352CE-4D05-4D6F-95A8-78ABBEB2457D}.Release|Any CPU.Build.0 = Release|Any CPU
		{B72EDE5E-2AD3-4CBF-96EE-8565D82F43EB}.Debug|Any CPU.ActiveCfg = Debug|Any CPU
		{B72EDE5E-2AD3-4CBF-96EE-8565D82F43EB}.Debug|Any CPU.Build.0 = Debug|Any CPU
		{B72EDE5E-2AD3-4CBF-96EE-8565D82F43EB}.Release|Any CPU.ActiveCfg = Release|Any CPU
		{B72EDE5E-2AD3-4CBF-96EE-8565D82F43EB}.Release|Any CPU.Build.0 = Release|Any CPU
		{8C3AA26C-2482-451C-95C1-9C9001BC772E}.Debug|Any CPU.ActiveCfg = Debug|Any CPU
		{8C3AA26C-2482-451C-95C1-9C9001BC772E}.Debug|Any CPU.Build.0 = Debug|Any CPU
		{8C3AA26C-2482-451C-95C1-9C9001BC772E}.Release|Any CPU.ActiveCfg = Release|Any CPU
		{8C3AA26C-2482-451C-95C1-9C9001BC772E}.Release|Any CPU.Build.0 = Release|Any CPU
		{CDD5E03F-E937-474A-83CF-BB3B136BAF8E}.Debug|Any CPU.ActiveCfg = Debug|Any CPU
		{CDD5E03F-E937-474A-83CF-BB3B136BAF8E}.Debug|Any CPU.Build.0 = Debug|Any CPU
		{CDD5E03F-E937-474A-83CF-BB3B136BAF8E}.Release|Any CPU.ActiveCfg = Release|Any CPU
		{CDD5E03F-E937-474A-83CF-BB3B136BAF8E}.Release|Any CPU.Build.0 = Release|Any CPU
		{05003B77-E8EB-4E14-9FAF-49367C7A1E86}.Debug|Any CPU.ActiveCfg = Debug|Any CPU
		{05003B77-E8EB-4E14-9FAF-49367C7A1E86}.Debug|Any CPU.Build.0 = Debug|Any CPU
		{05003B77-E8EB-4E14-9FAF-49367C7A1E86}.Release|Any CPU.ActiveCfg = Release|Any CPU
		{05003B77-E8EB-4E14-9FAF-49367C7A1E86}.Release|Any CPU.Build.0 = Release|Any CPU
		{521859E8-1788-4E21-96E8-A0B62C6E4C62}.Debug|Any CPU.ActiveCfg = Debug|Any CPU
		{521859E8-1788-4E21-96E8-A0B62C6E4C62}.Debug|Any CPU.Build.0 = Debug|Any CPU
		{521859E8-1788-4E21-96E8-A0B62C6E4C62}.Release|Any CPU.ActiveCfg = Release|Any CPU
		{521859E8-1788-4E21-96E8-A0B62C6E4C62}.Release|Any CPU.Build.0 = Release|Any CPU
		{004E5268-8D4D-4DC1-BBD0-B485093E307A}.Debug|Any CPU.ActiveCfg = Debug|Any CPU
		{004E5268-8D4D-4DC1-BBD0-B485093E307A}.Debug|Any CPU.Build.0 = Debug|Any CPU
		{004E5268-8D4D-4DC1-BBD0-B485093E307A}.Release|Any CPU.ActiveCfg = Release|Any CPU
		{004E5268-8D4D-4DC1-BBD0-B485093E307A}.Release|Any CPU.Build.0 = Release|Any CPU
	EndGlobalSection
	GlobalSection(SolutionProperties) = preSolution
		HideSolutionNode = FALSE
	EndGlobalSection
	GlobalSection(NestedProjects) = preSolution
		{49C352CE-4D05-4D6F-95A8-78ABBEB2457D} = {FD400861-E061-420A-9E31-EE012339850B}
		{B72EDE5E-2AD3-4CBF-96EE-8565D82F43EB} = {C1D636DB-910B-40D2-8207-440C86D87EE4}
		{8C3AA26C-2482-451C-95C1-9C9001BC772E} = {FD400861-E061-420A-9E31-EE012339850B}
		{CDD5E03F-E937-474A-83CF-BB3B136BAF8E} = {C1D636DB-910B-40D2-8207-440C86D87EE4}
		{05003B77-E8EB-4E14-9FAF-49367C7A1E86} = {C1D636DB-910B-40D2-8207-440C86D87EE4}
		{004E5268-8D4D-4DC1-BBD0-B485093E307A} = {C1D636DB-910B-40D2-8207-440C86D87EE4}
	EndGlobalSection
	GlobalSection(ExtensibilityGlobals) = postSolution
		SolutionGuid = {5C78D062-B90F-4F23-8903-D6837E232478}
	EndGlobalSection
EndGlobal
